{
  "name": "quickish",
  "version": "1.0.0",
  "lockfileVersion": 1,
  "requires": true,
  "dependencies": {
    "mywrap": {
      "version": "git+https://github.com/xpollen8/mywrap.git#e26b5ddbd71093fd91db570047a2acebffa65ffc",
      "from": "git+https://github.com/xpollen8/mywrap.git"
    }
  }
}
